
Microsoft Visual Studio Solution File, Format Version 12.00
# Visual Studio Version 17
VisualStudioVersion = 17.0.32112.339
MinimumVisualStudioVersion = 10.0.40219.1
Project("{FAE04EC0-301F-11D3-BF4B-00C04F79EFBC}") = "My-books", "My-books.csproj", "{C17F8522-D685-497F-8A9D-EAA7FAA8817A}"
EndProject
Global
	GlobalSection(SolutionConfigurationPlatforms) = preSolution
		Debug|Any CPU = Debug|Any CPU
		Release|Any CPU = Release|Any CPU
	EndGlobalSection
	GlobalSection(ProjectConfigurationPlatforms) = postSolution
		{C17F8522-D685-497F-8A9D-EAA7FAA8817A}.Debug|Any CPU.ActiveCfg = Debug|Any CPU
		{C17F8522-D685-497F-8A9D-EAA7FAA8817A}.Debug|Any CPU.Build.0 = Debug|Any CPU
		{C17F8522-D685-497F-8A9D-EAA7FAA8817A}.Release|Any CPU.ActiveCfg = Release|Any CPU
		{C17F8522-D685-497F-8A9D-EAA7FAA8817A}.Release|Any CPU.Build.0 = Release|Any CPU
	EndGlobalSection
	GlobalSection(SolutionProperties) = preSolution
		HideSolutionNode = FALSE
	EndGlobalSection
	GlobalSection(ExtensibilityGlobals) = postSolution
		SolutionGuid = {86C71588-5A8F-477D-96A9-69ACE0B59D5A}
	EndGlobalSection
EndGlobal
